// !$*UTF8*$!
{
	archiveVersion = 1;
	classes = {
	};
	objectVersion = 55;
	objects = {

/* Begin PBXBuildFile section */
		2226B54A288AF50900486D33 /* SwitUIDemoApp.swift in Sources */ = {isa = PBXBuildFile; fileRef = 2226B549288AF50900486D33 /* SwitUIDemoApp.swift */; };
		2226B54C288AF50900486D33 /* Text.swift in Sources */ = {isa = PBXBuildFile; fileRef = 2226B54B288AF50900486D33 /* Text.swift */; };
		2226B54E288AF50D00486D33 /* Assets.xcassets in Resources */ = {isa = PBXBuildFile; fileRef = 2226B54D288AF50D00486D33 /* Assets.xcassets */; };
		2226B551288AF50D00486D33 /* Preview Assets.xcassets in Resources */ = {isa = PBXBuildFile; fileRef = 2226B550288AF50D00486D33 /* Preview Assets.xcassets */; };
		223BCBB0288E87A800F4F8F8 /* SwiftUICollectionView.swift in Sources */ = {isa = PBXBuildFile; fileRef = 223BCBAF288E87A800F4F8F8 /* SwiftUICollectionView.swift */; };
		2263F916288FF4F100837231 /* DummyData.swift in Sources */ = {isa = PBXBuildFile; fileRef = 2263F915288FF4F100837231 /* DummyData.swift */; };
		2263F919288FF6C500837231 /* Theme.xcassets in Resources */ = {isa = PBXBuildFile; fileRef = 2263F918288FF6C500837231 /* Theme.xcassets */; };
		2263F92E288FF7EF00837231 /* Raleway-BoldItalic.ttf in Resources */ = {isa = PBXBuildFile; fileRef = 2263F91C288FF7EF00837231 /* Raleway-BoldItalic.ttf */; };
		2263F92F288FF7EF00837231 /* Raleway-MediumItalic.ttf in Resources */ = {isa = PBXBuildFile; fileRef = 2263F91D288FF7EF00837231 /* Raleway-MediumItalic.ttf */; };
		2263F930288FF7EF00837231 /* Raleway-ThinItalic.ttf in Resources */ = {isa = PBXBuildFile; fileRef = 2263F91E288FF7EF00837231 /* Raleway-ThinItalic.ttf */; };
		2263F931288FF7EF00837231 /* Raleway-ExtraLight.ttf in Resources */ = {isa = PBXBuildFile; fileRef = 2263F91F288FF7EF00837231 /* Raleway-ExtraLight.ttf */; };
		2263F932288FF7EF00837231 /* Raleway-Medium.ttf in Resources */ = {isa = PBXBuildFile; fileRef = 2263F920288FF7EF00837231 /* Raleway-Medium.ttf */; };
		2263F933288FF7EF00837231 /* Raleway-SemiBold.ttf in Resources */ = {isa = PBXBuildFile; fileRef = 2263F921288FF7EF00837231 /* Raleway-SemiBold.ttf */; };
		2263F934288FF7EF00837231 /* Raleway-ExtraBold.ttf in Resources */ = {isa = PBXBuildFile; fileRef = 2263F922288FF7EF00837231 /* Raleway-ExtraBold.ttf */; };
		2263F935288FF7EF00837231 /* Raleway-ExtraBoldItalic.ttf in Resources */ = {isa = PBXBuildFile; fileRef = 2263F923288FF7EF00837231 /* Raleway-ExtraBoldItalic.ttf */; };
		2263F936288FF7EF00837231 /* Raleway-Regular.ttf in Resources */ = {isa = PBXBuildFile; fileRef = 2263F924288FF7EF00837231 /* Raleway-Regular.ttf */; };
		2263F937288FF7EF00837231 /* Raleway-ExtraLightItalic.ttf in Resources */ = {isa = PBXBuildFile; fileRef = 2263F925288FF7EF00837231 /* Raleway-ExtraLightItalic.ttf */; };
		2263F938288FF7EF00837231 /* Raleway-SemiBoldItalic.ttf in Resources */ = {isa = PBXBuildFile; fileRef = 2263F926288FF7EF00837231 /* Raleway-SemiBoldItalic.ttf */; };
		2263F939288FF7EF00837231 /* Raleway-Light.ttf in Resources */ = {isa = PBXBuildFile; fileRef = 2263F927288FF7EF00837231 /* Raleway-Light.ttf */; };
		2263F93A288FF7EF00837231 /* Raleway-Black.ttf in Resources */ = {isa = PBXBuildFile; fileRef = 2263F928288FF7EF00837231 /* Raleway-Black.ttf */; };
		2263F93B288FF7EF00837231 /* Raleway-BlackItalic.ttf in Resources */ = {isa = PBXBuildFile; fileRef = 2263F929288FF7EF00837231 /* Raleway-BlackItalic.ttf */; };
		2263F93C288FF7EF00837231 /* Raleway-LightItalic.ttf in Resources */ = {isa = PBXBuildFile; fileRef = 2263F92A288FF7EF00837231 /* Raleway-LightItalic.ttf */; };
		2263F93D288FF7EF00837231 /* Raleway-Thin.ttf in Resources */ = {isa = PBXBuildFile; fileRef = 2263F92B288FF7EF00837231 /* Raleway-Thin.ttf */; };
		2263F93E288FF7EF00837231 /* Raleway-Italic.ttf in Resources */ = {isa = PBXBuildFile; fileRef = 2263F92C288FF7EF00837231 /* Raleway-Italic.ttf */; };
		2263F93F288FF7EF00837231 /* Raleway-Bold.ttf in Resources */ = {isa = PBXBuildFile; fileRef = 2263F92D288FF7EF00837231 /* Raleway-Bold.ttf */; };
		2280AC7E288FE60D00E288B1 /* SwiftUIHomeTabView.swift in Sources */ = {isa = PBXBuildFile; fileRef = 2280AC7D288FE60D00E288B1 /* SwiftUIHomeTabView.swift */; };
		2280AC82288FE63F00E288B1 /* SwiftUIShareTabView.swift in Sources */ = {isa = PBXBuildFile; fileRef = 2280AC81288FE63F00E288B1 /* SwiftUIShareTabView.swift */; };
		2280AC84288FE65500E288B1 /* SwiftUINewsTabView.swift in Sources */ = {isa = PBXBuildFile; fileRef = 2280AC83288FE65500E288B1 /* SwiftUINewsTabView.swift */; };
		22A8F052288ECE33005A7790 /* SwiftUIJSonView.swift in Sources */ = {isa = PBXBuildFile; fileRef = 22A8F051288ECE33005A7790 /* SwiftUIJSonView.swift */; };
		22A8F055288ED833005A7790 /* SwiftUIView.swift in Sources */ = {isa = PBXBuildFile; fileRef = 22A8F054288ED833005A7790 /* SwiftUIView.swift */; };
		22A8F058288EEEAD005A7790 /* SwiftUIBottomTabView.swift in Sources */ = {isa = PBXBuildFile; fileRef = 22A8F057288EEEAD005A7790 /* SwiftUIBottomTabView.swift */; };
		22F208432890299500D9DBDF /* SwiftUITopBarView.swift in Sources */ = {isa = PBXBuildFile; fileRef = 22F208422890299500D9DBDF /* SwiftUITopBarView.swift */; };
		22F208462890340400D9DBDF /* SwiftUISearchBarView.swift in Sources */ = {isa = PBXBuildFile; fileRef = 22F208452890340400D9DBDF /* SwiftUISearchBarView.swift */; };
		250FBC7923C692537D20A585 /* Pods_SwitUIDemo.framework in Frameworks */ = {isa = PBXBuildFile; fileRef = 05ABC625157E28BBFE9659DD /* Pods_SwitUIDemo.framework */; };
/* End PBXBuildFile section */

/* Begin PBXFileReference section */
		05ABC625157E28BBFE9659DD /* Pods_SwitUIDemo.framework */ = {isa = PBXFileReference; explicitFileType = wrapper.framework; includeInIndex = 0; path = Pods_SwitUIDemo.framework; sourceTree = BUILT_PRODUCTS_DIR; };
		20A0FB64A72430F306A17A83 /* Pods-SwitUIDemo.debug.xcconfig */ = {isa = PBXFileReference; includeInIndex = 1; lastKnownFileType = text.xcconfig; name = "Pods-SwitUIDemo.debug.xcconfig"; path = "Target Support Files/Pods-SwitUIDemo/Pods-SwitUIDemo.debug.xcconfig"; sourceTree = "<group>"; };
		2226B546288AF50900486D33 /* SwitUIDemo.app */ = {isa = PBXFileReference; explicitFileType = wrapper.application; includeInIndex = 0; path = SwitUIDemo.app; sourceTree = BUILT_PRODUCTS_DIR; };
		2226B549288AF50900486D33 /* SwitUIDemoApp.swift */ = {isa = PBXFileReference; lastKnownFileType = sourcecode.swift; path = SwitUIDemoApp.swift; sourceTree = "<group>"; };
		2226B54B288AF50900486D33 /* Text.swift */ = {isa = PBXFileReference; lastKnownFileType = sourcecode.swift; path = Text.swift; sourceTree = "<group>"; };
		2226B54D288AF50D00486D33 /* Assets.xcassets */ = {isa = PBXFileReference; lastKnownFileType = folder.assetcatalog; path = Assets.xcassets; sourceTree = "<group>"; };
		2226B550288AF50D00486D33 /* Preview Assets.xcassets */ = {isa = PBXFileReference; lastKnownFileType = folder.assetcatalog; path = "Preview Assets.xcassets"; sourceTree = "<group>"; };
		223BCBAF288E87A800F4F8F8 /* SwiftUICollectionView.swift */ = {isa = PBXFileReference; lastKnownFileType = sourcecode.swift; path = SwiftUICollectionView.swift; sourceTree = "<group>"; };
		2263F915288FF4F100837231 /* DummyData.swift */ = {isa = PBXFileReference; lastKnownFileType = sourcecode.swift; path = DummyData.swift; sourceTree = "<group>"; };
		2263F918288FF6C500837231 /* Theme.xcassets */ = {isa = PBXFileReference; lastKnownFileType = folder.assetcatalog; path = Theme.xcassets; sourceTree = "<group>"; };
		2263F91A288FF76400837231 /* Info.plist */ = {isa = PBXFileReference; lastKnownFileType = text.plist; path = Info.plist; sourceTree = "<group>"; };
		2263F91C288FF7EF00837231 /* Raleway-BoldItalic.ttf */ = {isa = PBXFileReference; lastKnownFileType = file; path = "Raleway-BoldItalic.ttf"; sourceTree = "<group>"; };
		2263F91D288FF7EF00837231 /* Raleway-MediumItalic.ttf */ = {isa = PBXFileReference; lastKnownFileType = file; path = "Raleway-MediumItalic.ttf"; sourceTree = "<group>"; };
		2263F91E288FF7EF00837231 /* Raleway-ThinItalic.ttf */ = {isa = PBXFileReference; lastKnownFileType = file; path = "Raleway-ThinItalic.ttf"; sourceTree = "<group>"; };
		2263F91F288FF7EF00837231 /* Raleway-ExtraLight.ttf */ = {isa = PBXFileReference; lastKnownFileType = file; path = "Raleway-ExtraLight.ttf"; sourceTree = "<group>"; };
		2263F920288FF7EF00837231 /* Raleway-Medium.ttf */ = {isa = PBXFileReference; lastKnownFileType = file; path = "Raleway-Medium.ttf"; sourceTree = "<group>"; };
		2263F921288FF7EF00837231 /* Raleway-SemiBold.ttf */ = {isa = PBXFileReference; lastKnownFileType = file; path = "Raleway-SemiBold.ttf"; sourceTree = "<group>"; };
		2263F922288FF7EF00837231 /* Raleway-ExtraBold.ttf */ = {isa = PBXFileReference; lastKnownFileType = file; path = "Raleway-ExtraBold.ttf"; sourceTree = "<group>"; };
		2263F923288FF7EF00837231 /* Raleway-ExtraBoldItalic.ttf */ = {isa = PBXFileReference; lastKnownFileType = file; path = "Raleway-ExtraBoldItalic.ttf"; sourceTree = "<group>"; };
		2263F924288FF7EF00837231 /* Raleway-Regular.ttf */ = {isa = PBXFileReference; lastKnownFileType = file; path = "Raleway-Regular.ttf"; sourceTree = "<group>"; };
		2263F925288FF7EF00837231 /* Raleway-ExtraLightItalic.ttf */ = {isa = PBXFileReference; lastKnownFileType = file; path = "Raleway-ExtraLightItalic.ttf"; sourceTree = "<group>"; };
		2263F926288FF7EF00837231 /* Raleway-SemiBoldItalic.ttf */ = {isa = PBXFileReference; lastKnownFileType = file; path = "Raleway-SemiBoldItalic.ttf"; sourceTree = "<group>"; };
		2263F927288FF7EF00837231 /* Raleway-Light.ttf */ = {isa = PBXFileReference; lastKnownFileType = file; path = "Raleway-Light.ttf"; sourceTree = "<group>"; };
		2263F928288FF7EF00837231 /* Raleway-Black.ttf */ = {isa = PBXFileReference; lastKnownFileType = file; path = "Raleway-Black.ttf"; sourceTree = "<group>"; };
		2263F929288FF7EF00837231 /* Raleway-BlackItalic.ttf */ = {isa = PBXFileReference; lastKnownFileType = file; path = "Raleway-BlackItalic.ttf"; sourceTree = "<group>"; };
		2263F92A288FF7EF00837231 /* Raleway-LightItalic.ttf */ = {isa = PBXFileReference; lastKnownFileType = file; path = "Raleway-LightItalic.ttf"; sourceTree = "<group>"; };
		2263F92B288FF7EF00837231 /* Raleway-Thin.ttf */ = {isa = PBXFileReference; lastKnownFileType = file; path = "Raleway-Thin.ttf"; sourceTree = "<group>"; };
		2263F92C288FF7EF00837231 /* Raleway-Italic.ttf */ = {isa = PBXFileReference; lastKnownFileType = file; path = "Raleway-Italic.ttf"; sourceTree = "<group>"; };
		2263F92D288FF7EF00837231 /* Raleway-Bold.ttf */ = {isa = PBXFileReference; lastKnownFileType = file; path = "Raleway-Bold.ttf"; sourceTree = "<group>"; };
		2280AC7D288FE60D00E288B1 /* SwiftUIHomeTabView.swift */ = {isa = PBXFileReference; lastKnownFileType = sourcecode.swift; path = SwiftUIHomeTabView.swift; sourceTree = "<group>"; };
		2280AC81288FE63F00E288B1 /* SwiftUIShareTabView.swift */ = {isa = PBXFileReference; lastKnownFileType = sourcecode.swift; path = SwiftUIShareTabView.swift; sourceTree = "<group>"; };
		2280AC83288FE65500E288B1 /* SwiftUINewsTabView.swift */ = {isa = PBXFileReference; lastKnownFileType = sourcecode.swift; path = SwiftUINewsTabView.swift; sourceTree = "<group>"; };
		22A8F051288ECE33005A7790 /* SwiftUIJSonView.swift */ = {isa = PBXFileReference; lastKnownFileType = sourcecode.swift; path = SwiftUIJSonView.swift; sourceTree = "<group>"; };
		22A8F054288ED833005A7790 /* SwiftUIView.swift */ = {isa = PBXFileReference; lastKnownFileType = sourcecode.swift; path = SwiftUIView.swift; sourceTree = "<group>"; };
		22A8F057288EEEAD005A7790 /* SwiftUIBottomTabView.swift */ = {isa = PBXFileReference; lastKnownFileType = sourcecode.swift; path = SwiftUIBottomTabView.swift; sourceTree = "<group>"; };
		22F208422890299500D9DBDF /* SwiftUITopBarView.swift */ = {isa = PBXFileReference; lastKnownFileType = sourcecode.swift; path = SwiftUITopBarView.swift; sourceTree = "<group>"; };
		22F208452890340400D9DBDF /* SwiftUISearchBarView.swift */ = {isa = PBXFileReference; lastKnownFileType = sourcecode.swift; path = SwiftUISearchBarView.swift; sourceTree = "<group>"; };
		3184E3FFB8CE08BF15F2B5B4 /* Pods-SwitUIDemo.debug.xcconfig */ = {isa = PBXFileReference; includeInIndex = 1; lastKnownFileType = text.xcconfig; name = "Pods-SwitUIDemo.debug.xcconfig"; path = "Target Support Files/Pods-SwitUIDemo/Pods-SwitUIDemo.debug.xcconfig"; sourceTree = "<group>"; };
		4899D028313CB9E4C80175BC /* Pods-SwitUIDemo.release.xcconfig */ = {isa = PBXFileReference; includeInIndex = 1; lastKnownFileType = text.xcconfig; name = "Pods-SwitUIDemo.release.xcconfig"; path = "Target Support Files/Pods-SwitUIDemo/Pods-SwitUIDemo.release.xcconfig"; sourceTree = "<group>"; };
		990613FE5511875553E7D3C6 /* Pods-SwitUIDemo.release.xcconfig */ = {isa = PBXFileReference; includeInIndex = 1; lastKnownFileType = text.xcconfig; name = "Pods-SwitUIDemo.release.xcconfig"; path = "Target Support Files/Pods-SwitUIDemo/Pods-SwitUIDemo.release.xcconfig"; sourceTree = "<group>"; };
/* End PBXFileReference section */

/* Begin PBXFrameworksBuildPhase section */
		2226B543288AF50900486D33 /* Frameworks */ = {
			isa = PBXFrameworksBuildPhase;
			buildActionMask = 2147483647;
			files = (
				250FBC7923C692537D20A585 /* Pods_SwitUIDemo.framework in Frameworks */,
			);
			runOnlyForDeploymentPostprocessing = 0;
		};
/* End PBXFrameworksBuildPhase section */

/* Begin PBXGroup section */
		0D41C010902BA8197C0DEE80 /* Frameworks */ = {
			isa = PBXGroup;
			children = (
				05ABC625157E28BBFE9659DD /* Pods_SwitUIDemo.framework */,
			);
			name = Frameworks;
			sourceTree = "<group>";
		};
		2226B53D288AF50900486D33 = {
			isa = PBXGroup;
			children = (
				2226B548288AF50900486D33 /* SwitUIDemo */,
				2226B547288AF50900486D33 /* Products */,
				0D41C010902BA8197C0DEE80 /* Frameworks */,
				5862A0D2A519980C676A6875 /* Pods */,
			);
			sourceTree = "<group>";
		};
		2226B547288AF50900486D33 /* Products */ = {
			isa = PBXGroup;
			children = (
				2226B546288AF50900486D33 /* SwitUIDemo.app */,
			);
			name = Products;
			sourceTree = "<group>";
		};
		2226B548288AF50900486D33 /* SwitUIDemo */ = {
			isa = PBXGroup;
			children = (
				2263F914288FF4E200837231 /* DummyData */,
				22F20844289033EB00D9DBDF /* SearchBar */,
				22F208412890297900D9DBDF /* TopBar */,
				2263F91A288FF76400837231 /* Info.plist */,
				2263F917288FF6B500837231 /* Assets */,
				22A8F056288EEE8F005A7790 /* TabbedViewSwiftUI */,
				22A8F04D288ECCE4005A7790 /* Json Parsing */,
				223BCBAE288E878A00F4F8F8 /* CollectionView */,
				2226B549288AF50900486D33 /* SwitUIDemoApp.swift */,
				2226B54B288AF50900486D33 /* Text.swift */,
				2226B54F288AF50D00486D33 /* Preview Content */,
			);
			path = SwitUIDemo;
			sourceTree = "<group>";
		};
		2226B54F288AF50D00486D33 /* Preview Content */ = {
			isa = PBXGroup;
			children = (
				2226B550288AF50D00486D33 /* Preview Assets.xcassets */,
			);
			path = "Preview Content";
			sourceTree = "<group>";
		};
		223BCBAE288E878A00F4F8F8 /* CollectionView */ = {
			isa = PBXGroup;
			children = (
				223BCBAF288E87A800F4F8F8 /* SwiftUICollectionView.swift */,
			);
			path = CollectionView;
			sourceTree = "<group>";
		};
		2263F914288FF4E200837231 /* DummyData */ = {
			isa = PBXGroup;
			children = (
				2263F915288FF4F100837231 /* DummyData.swift */,
			);
			path = DummyData;
			sourceTree = "<group>";
		};
		2263F917288FF6B500837231 /* Assets */ = {
			isa = PBXGroup;
			children = (
				2263F91B288FF7EF00837231 /* Font */,
				2263F918288FF6C500837231 /* Theme.xcassets */,
				2226B54D288AF50D00486D33 /* Assets.xcassets */,
			);
			path = Assets;
			sourceTree = "<group>";
		};
		2263F91B288FF7EF00837231 /* Font */ = {
			isa = PBXGroup;
			children = (
				2263F91C288FF7EF00837231 /* Raleway-BoldItalic.ttf */,
				2263F91D288FF7EF00837231 /* Raleway-MediumItalic.ttf */,
				2263F91E288FF7EF00837231 /* Raleway-ThinItalic.ttf */,
				2263F91F288FF7EF00837231 /* Raleway-ExtraLight.ttf */,
				2263F920288FF7EF00837231 /* Raleway-Medium.ttf */,
				2263F921288FF7EF00837231 /* Raleway-SemiBold.ttf */,
				2263F922288FF7EF00837231 /* Raleway-ExtraBold.ttf */,
				2263F923288FF7EF00837231 /* Raleway-ExtraBoldItalic.ttf */,
				2263F924288FF7EF00837231 /* Raleway-Regular.ttf */,
				2263F925288FF7EF00837231 /* Raleway-ExtraLightItalic.ttf */,
				2263F926288FF7EF00837231 /* Raleway-SemiBoldItalic.ttf */,
				2263F927288FF7EF00837231 /* Raleway-Light.ttf */,
				2263F928288FF7EF00837231 /* Raleway-Black.ttf */,
				2263F929288FF7EF00837231 /* Raleway-BlackItalic.ttf */,
				2263F92A288FF7EF00837231 /* Raleway-LightItalic.ttf */,
				2263F92B288FF7EF00837231 /* Raleway-Thin.ttf */,
				2263F92C288FF7EF00837231 /* Raleway-Italic.ttf */,
				2263F92D288FF7EF00837231 /* Raleway-Bold.ttf */,
			);
			path = Font;
			sourceTree = "<group>";
		};
		2280AC7C288FE5F200E288B1 /* TabView */ = {
			isa = PBXGroup;
			children = (
				2280AC7D288FE60D00E288B1 /* SwiftUIHomeTabView.swift */,
				2280AC81288FE63F00E288B1 /* SwiftUIShareTabView.swift */,
				2280AC83288FE65500E288B1 /* SwiftUINewsTabView.swift */,
			);
			path = TabView;
			sourceTree = "<group>";
		};
		22A8F04D288ECCE4005A7790 /* Json Parsing */ = {
			isa = PBXGroup;
			children = (
				22A8F053288ED824005A7790 /* Model */,
				22A8F051288ECE33005A7790 /* SwiftUIJSonView.swift */,
			);
			path = "Json Parsing";
			sourceTree = "<group>";
		};
		22A8F053288ED824005A7790 /* Model */ = {
			isa = PBXGroup;
			children = (
				22A8F054288ED833005A7790 /* SwiftUIView.swift */,
			);
			path = Model;
			sourceTree = "<group>";
		};
		22A8F056288EEE8F005A7790 /* TabbedViewSwiftUI */ = {
			isa = PBXGroup;
			children = (
				64B17073E3FF8F6AA1DC7EC7 /* Pods */,
				2280AC7C288FE5F200E288B1 /* TabView */,
				22A8F057288EEEAD005A7790 /* SwiftUIBottomTabView.swift */,
			);
			path = TabbedViewSwiftUI;
			sourceTree = "<group>";
		};
		22F208412890297900D9DBDF /* TopBar */ = {
			isa = PBXGroup;
			children = (
				22F208422890299500D9DBDF /* SwiftUITopBarView.swift */,
			);
			path = TopBar;
			sourceTree = "<group>";
		};
		22F20844289033EB00D9DBDF /* SearchBar */ = {
			isa = PBXGroup;
			children = (
				22F208452890340400D9DBDF /* SwiftUISearchBarView.swift */,
			);
			path = SearchBar;
			sourceTree = "<group>";
		};
		5862A0D2A519980C676A6875 /* Pods */ = {
			isa = PBXGroup;
			children = (
				20A0FB64A72430F306A17A83 /* Pods-SwitUIDemo.debug.xcconfig */,
				4899D028313CB9E4C80175BC /* Pods-SwitUIDemo.release.xcconfig */,
			);
			path = Pods;
			sourceTree = "<group>";
		};
		64B17073E3FF8F6AA1DC7EC7 /* Pods */ = {
			isa = PBXGroup;
			children = (
				3184E3FFB8CE08BF15F2B5B4 /* Pods-SwitUIDemo.debug.xcconfig */,
				990613FE5511875553E7D3C6 /* Pods-SwitUIDemo.release.xcconfig */,
			);
			path = Pods;
			sourceTree = "<group>";
		};
/* End PBXGroup section */

/* Begin PBXNativeTarget section */
		2226B545288AF50900486D33 /* SwitUIDemo */ = {
			isa = PBXNativeTarget;
			buildConfigurationList = 2226B554288AF50D00486D33 /* Build configuration list for PBXNativeTarget "SwitUIDemo" */;
			buildPhases = (
				2F628AEBC2758372C4FA6A9E /* [CP] Check Pods Manifest.lock */,
				2226B542288AF50900486D33 /* Sources */,
				2226B543288AF50900486D33 /* Frameworks */,
				2226B544288AF50900486D33 /* Resources */,
				A4FD40B271B7C87A33BAF88B /* [CP] Embed Pods Frameworks */,
			);
			buildRules = (
			);
			dependencies = (
			);
			name = SwitUIDemo;
			productName = SwitUIDemo;
			productReference = 2226B546288AF50900486D33 /* SwitUIDemo.app */;
			productType = "com.apple.product-type.application";
		};
/* End PBXNativeTarget section */

/* Begin PBXProject section */
		2226B53E288AF50900486D33 /* Project object */ = {
			isa = PBXProject;
			attributes = {
				BuildIndependentTargetsInParallel = 1;
				LastSwiftUpdateCheck = 1300;
				LastUpgradeCheck = 1300;
				TargetAttributes = {
					2226B545288AF50900486D33 = {
						CreatedOnToolsVersion = 13.0;
					};
				};
			};
			buildConfigurationList = 2226B541288AF50900486D33 /* Build configuration list for PBXProject "SwitUIDemo" */;
			compatibilityVersion = "Xcode 13.0";
			developmentRegion = en;
			hasScannedForEncodings = 0;
			knownRegions = (
				en,
				Base,
			);
			mainGroup = 2226B53D288AF50900486D33;
			productRefGroup = 2226B547288AF50900486D33 /* Products */;
			projectDirPath = "";
			projectRoot = "";
			targets = (
				2226B545288AF50900486D33 /* SwitUIDemo */,
			);
		};
/* End PBXProject section */

/* Begin PBXResourcesBuildPhase section */
		2226B544288AF50900486D33 /* Resources */ = {
			isa = PBXResourcesBuildPhase;
			buildActionMask = 2147483647;
			files = (
				2263F933288FF7EF00837231 /* Raleway-SemiBold.ttf in Resources */,
				2263F937288FF7EF00837231 /* Raleway-ExtraLightItalic.ttf in Resources */,
				2263F935288FF7EF00837231 /* Raleway-ExtraBoldItalic.ttf in Resources */,
				2263F919288FF6C500837231 /* Theme.xcassets in Resources */,
				2263F932288FF7EF00837231 /* Raleway-Medium.ttf in Resources */,
				2263F93D288FF7EF00837231 /* Raleway-Thin.ttf in Resources */,
				2263F93E288FF7EF00837231 /* Raleway-Italic.ttf in Resources */,
				2263F93F288FF7EF00837231 /* Raleway-Bold.ttf in Resources */,
				2263F938288FF7EF00837231 /* Raleway-SemiBoldItalic.ttf in Resources */,
				2263F939288FF7EF00837231 /* Raleway-Light.ttf in Resources */,
				2226B551288AF50D00486D33 /* Preview Assets.xcassets in Resources */,
				2263F92F288FF7EF00837231 /* Raleway-MediumItalic.ttf in Resources */,
				2226B54E288AF50D00486D33 /* Assets.xcassets in Resources */,
				2263F936288FF7EF00837231 /* Raleway-Regular.ttf in Resources */,
				2263F93C288FF7EF00837231 /* Raleway-LightItalic.ttf in Resources */,
				2263F934288FF7EF00837231 /* Raleway-ExtraBold.ttf in Resources */,
				2263F93A288FF7EF00837231 /* Raleway-Black.ttf in Resources */,
				2263F92E288FF7EF00837231 /* Raleway-BoldItalic.ttf in Resources */,
				2263F931288FF7EF00837231 /* Raleway-ExtraLight.ttf in Resources */,
				2263F930288FF7EF00837231 /* Raleway-ThinItalic.ttf in Resources */,
				2263F93B288FF7EF00837231 /* Raleway-BlackItalic.ttf in Resources */,
			);
			runOnlyForDeploymentPostprocessing = 0;
		};
/* End PBXResourcesBuildPhase section */

/* Begin PBXShellScriptBuildPhase section */
		2F628AEBC2758372C4FA6A9E /* [CP] Check Pods Manifest.lock */ = {
			isa = PBXShellScriptBuildPhase;
			buildActionMask = 2147483647;
			files = (
			);
			inputFileListPaths = (
			);
			inputPaths = (
				"${PODS_PODFILE_DIR_PATH}/Podfile.lock",
				"${PODS_ROOT}/Manifest.lock",
			);
			name = "[CP] Check Pods Manifest.lock";
			outputFileListPaths = (
			);
			outputPaths = (
				"$(DERIVED_FILE_DIR)/Pods-SwitUIDemo-checkManifestLockResult.txt",
			);
			runOnlyForDeploymentPostprocessing = 0;
			shellPath = /bin/sh;
			shellScript = "diff \"${PODS_PODFILE_DIR_PATH}/Podfile.lock\" \"${PODS_ROOT}/Manifest.lock\" > /dev/null\nif [ $? != 0 ] ; then\n    # print error to STDERR\n    echo \"error: The sandbox is not in sync with the Podfile.lock. Run 'pod install' or update your CocoaPods installation.\" >&2\n    exit 1\nfi\n# This output is used by Xcode 'outputs' to avoid re-running this script phase.\necho \"SUCCESS\" > \"${SCRIPT_OUTPUT_FILE_0}\"\n";
			showEnvVarsInLog = 0;
		};
		A4FD40B271B7C87A33BAF88B /* [CP] Embed Pods Frameworks */ = {
			isa = PBXShellScriptBuildPhase;
			buildActionMask = 2147483647;
			files = (
			);
			inputFileListPaths = (
				"${PODS_ROOT}/Target Support Files/Pods-SwitUIDemo/Pods-SwitUIDemo-frameworks-${CONFIGURATION}-input-files.xcfilelist",
			);
			name = "[CP] Embed Pods Frameworks";
			outputFileListPaths = (
				"${PODS_ROOT}/Target Support Files/Pods-SwitUIDemo/Pods-SwitUIDemo-frameworks-${CONFIGURATION}-output-files.xcfilelist",
			);
			runOnlyForDeploymentPostprocessing = 0;
			shellPath = /bin/sh;
			shellScript = "\"${PODS_ROOT}/Target Support Files/Pods-SwitUIDemo/Pods-SwitUIDemo-frameworks.sh\"\n";
			showEnvVarsInLog = 0;
		};
/* End PBXShellScriptBuildPhase section */

/* Begin PBXSourcesBuildPhase section */
		2226B542288AF50900486D33 /* Sources */ = {
			isa = PBXSourcesBuildPhase;
			buildActionMask = 2147483647;
			files = (
				22A8F052288ECE33005A7790 /* SwiftUIJSonView.swift in Sources */,
				2280AC84288FE65500E288B1 /* SwiftUINewsTabView.swift in Sources */,
				2226B54C288AF50900486D33 /* Text.swift in Sources */,
				223BCBB0288E87A800F4F8F8 /* SwiftUICollectionView.swift in Sources */,
				22A8F058288EEEAD005A7790 /* SwiftUIBottomTabView.swift in Sources */,
				22F208432890299500D9DBDF /* SwiftUITopBarView.swift in Sources */,
				2280AC82288FE63F00E288B1 /* SwiftUIShareTabView.swift in Sources */,
				2226B54A288AF50900486D33 /* SwitUIDemoApp.swift in Sources */,
				22A8F055288ED833005A7790 /* SwiftUIView.swift in Sources */,
				2263F916288FF4F100837231 /* DummyData.swift in Sources */,
				22F208462890340400D9DBDF /* SwiftUISearchBarView.swift in Sources */,
				2280AC7E288FE60D00E288B1 /* SwiftUIHomeTabView.swift in Sources */,
			);
			runOnlyForDeploymentPostprocessing = 0;
		};
/* End PBXSourcesBuildPhase section */

/* Begin XCBuildConfiguration section */
		2226B552288AF50D00486D33 /* Debug */ = {
			isa = XCBuildConfiguration;
			buildSettings = {
				ALWAYS_SEARCH_USER_PATHS = NO;
				CLANG_ANALYZER_NONNULL = YES;
				CLANG_ANALYZER_NUMBER_OBJECT_CONVERSION = YES_AGGRESSIVE;
				CLANG_CXX_LANGUAGE_STANDARD = "gnu++17";
				CLANG_CXX_LIBRARY = "libc++";
				CLANG_ENABLE_MODULES = YES;
				CLANG_ENABLE_OBJC_ARC = YES;
				CLANG_ENABLE_OBJC_WEAK = YES;
				CLANG_WARN_BLOCK_CAPTURE_AUTORELEASING = YES;
				CLANG_WARN_BOOL_CONVERSION = YES;
				CLANG_WARN_COMMA = YES;
				CLANG_WARN_CONSTANT_CONVERSION = YES;
				CLANG_WARN_DEPRECATED_OBJC_IMPLEMENTATIONS = YES;
				CLANG_WARN_DIRECT_OBJC_ISA_USAGE = YES_ERROR;
				CLANG_WARN_DOCUMENTATION_COMMENTS = YES;
				CLANG_WARN_EMPTY_BODY = YES;
				CLANG_WARN_ENUM_CONVERSION = YES;
				CLANG_WARN_INFINITE_RECURSION = YES;
				CLANG_WARN_INT_CONVERSION = YES;
				CLANG_WARN_NON_LITERAL_NULL_CONVERSION = YES;
				CLANG_WARN_OBJC_IMPLICIT_RETAIN_SELF = YES;
				CLANG_WARN_OBJC_LITERAL_CONVERSION = YES;
				CLANG_WARN_OBJC_ROOT_CLASS = YES_ERROR;
				CLANG_WARN_QUOTED_INCLUDE_IN_FRAMEWORK_HEADER = YES;
				CLANG_WARN_RANGE_LOOP_ANALYSIS = YES;
				CLANG_WARN_STRICT_PROTOTYPES = YES;
				CLANG_WARN_SUSPICIOUS_MOVE = YES;
				CLANG_WARN_UNGUARDED_AVAILABILITY = YES_AGGRESSIVE;
				CLANG_WARN_UNREACHABLE_CODE = YES;
				CLANG_WARN__DUPLICATE_METHOD_MATCH = YES;
				COPY_PHASE_STRIP = NO;
				DEBUG_INFORMATION_FORMAT = dwarf;
				ENABLE_STRICT_OBJC_MSGSEND = YES;
				ENABLE_TESTABILITY = YES;
				GCC_C_LANGUAGE_STANDARD = gnu11;
				GCC_DYNAMIC_NO_PIC = NO;
				GCC_NO_COMMON_BLOCKS = YES;
				GCC_OPTIMIZATION_LEVEL = 0;
				GCC_PREPROCESSOR_DEFINITIONS = (
					"DEBUG=1",
					"$(inherited)",
				);
				GCC_WARN_64_TO_32_BIT_CONVERSION = YES;
				GCC_WARN_ABOUT_RETURN_TYPE = YES_ERROR;
				GCC_WARN_UNDECLARED_SELECTOR = YES;
				GCC_WARN_UNINITIALIZED_AUTOS = YES_AGGRESSIVE;
				GCC_WARN_UNUSED_FUNCTION = YES;
				GCC_WARN_UNUSED_VARIABLE = YES;
				IPHONEOS_DEPLOYMENT_TARGET = 15.0;
				MTL_ENABLE_DEBUG_INFO = INCLUDE_SOURCE;
				MTL_FAST_MATH = YES;
				ONLY_ACTIVE_ARCH = YES;
				SDKROOT = iphoneos;
				SWIFT_ACTIVE_COMPILATION_CONDITIONS = DEBUG;
				SWIFT_OPTIMIZATION_LEVEL = "-Onone";
			};
			name = Debug;
		};
		2226B553288AF50D00486D33 /* Release */ = {
			isa = XCBuildConfiguration;
			buildSettings = {
				ALWAYS_SEARCH_USER_PATHS = NO;
				CLANG_ANALYZER_NONNULL = YES;
				CLANG_ANALYZER_NUMBER_OBJECT_CONVERSION = YES_AGGRESSIVE;
				CLANG_CXX_LANGUAGE_STANDARD = "gnu++17";
				CLANG_CXX_LIBRARY = "libc++";
				CLANG_ENABLE_MODULES = YES;
				CLANG_ENABLE_OBJC_ARC = YES;
				CLANG_ENABLE_OBJC_WEAK = YES;
				CLANG_WARN_BLOCK_CAPTURE_AUTORELEASING = YES;
				CLANG_WARN_BOOL_CONVERSION = YES;
				CLANG_WARN_COMMA = YES;
				CLANG_WARN_CONSTANT_CONVERSION = YES;
				CLANG_WARN_DEPRECATED_OBJC_IMPLEMENTATIONS = YES;
				CLANG_WARN_DIRECT_OBJC_ISA_USAGE = YES_ERROR;
				CLANG_WARN_DOCUMENTATION_COMMENTS = YES;
				CLANG_WARN_EMPTY_BODY = YES;
				CLANG_WARN_ENUM_CONVERSION = YES;
				CLANG_WARN_INFINITE_RECURSION = YES;
				CLANG_WARN_INT_CONVERSION = YES;
				CLANG_WARN_NON_LITERAL_NULL_CONVERSION = YES;
				CLANG_WARN_OBJC_IMPLICIT_RETAIN_SELF = YES;
				CLANG_WARN_OBJC_LITERAL_CONVERSION = YES;
				CLANG_WARN_OBJC_ROOT_CLASS = YES_ERROR;
				CLANG_WARN_QUOTED_INCLUDE_IN_FRAMEWORK_HEADER = YES;
				CLANG_WARN_RANGE_LOOP_ANALYSIS = YES;
				CLANG_WARN_STRICT_PROTOTYPES = YES;
				CLANG_WARN_SUSPICIOUS_MOVE = YES;
				CLANG_WARN_UNGUARDED_AVAILABILITY = YES_AGGRESSIVE;
				CLANG_WARN_UNREACHABLE_CODE = YES;
				CLANG_WARN__DUPLICATE_METHOD_MATCH = YES;
				COPY_PHASE_STRIP = NO;
				DEBUG_INFORMATION_FORMAT = "dwarf-with-dsym";
				ENABLE_NS_ASSERTIONS = NO;
				ENABLE_STRICT_OBJC_MSGSEND = YES;
				GCC_C_LANGUAGE_STANDARD = gnu11;
				GCC_NO_COMMON_BLOCKS = YES;
				GCC_WARN_64_TO_32_BIT_CONVERSION = YES;
				GCC_WARN_ABOUT_RETURN_TYPE = YES_ERROR;
				GCC_WARN_UNDECLARED_SELECTOR = YES;
				GCC_WARN_UNINITIALIZED_AUTOS = YES_AGGRESSIVE;
				GCC_WARN_UNUSED_FUNCTION = YES;
				GCC_WARN_UNUSED_VARIABLE = YES;
				IPHONEOS_DEPLOYMENT_TARGET = 15.0;
				MTL_ENABLE_DEBUG_INFO = NO;
				MTL_FAST_MATH = YES;
				SDKROOT = iphoneos;
				SWIFT_COMPILATION_MODE = wholemodule;
				SWIFT_OPTIMIZATION_LEVEL = "-O";
				VALIDATE_PRODUCT = YES;
			};
			name = Release;
		};
		2226B555288AF50D00486D33 /* Debug */ = {
			isa = XCBuildConfiguration;
			baseConfigurationReference = 3184E3FFB8CE08BF15F2B5B4 /* Pods-SwitUIDemo.debug.xcconfig */;
			buildSettings = {
				ASSETCATALOG_COMPILER_APPICON_NAME = AppIcon;
				ASSETCATALOG_COMPILER_GLOBAL_ACCENT_COLOR_NAME = AccentColor;
				CODE_SIGN_STYLE = Automatic;
				CURRENT_PROJECT_VERSION = 1;
				DEVELOPMENT_ASSET_PATHS = "\"SwitUIDemo/Preview Content\"";
				ENABLE_PREVIEWS = YES;
				GENERATE_INFOPLIST_FILE = YES;
				INFOPLIST_FILE = SwitUIDemo/Info.plist;
				INFOPLIST_KEY_UIApplicationSceneManifest_Generation = YES;
				INFOPLIST_KEY_UIApplicationSupportsIndirectInputEvents = YES;
				INFOPLIST_KEY_UILaunchScreen_Generation = YES;
				INFOPLIST_KEY_UISupportedInterfaceOrientations = "UIInterfaceOrientationPortrait UIInterfaceOrientationPortraitUpsideDown UIInterfaceOrientationLandscapeLeft UIInterfaceOrientationLandscapeRight";
				INFOPLIST_KEY_UISupportedInterfaceOrientations_iPad = "UIInterfaceOrientationPortrait UIInterfaceOrientationPortraitUpsideDown UIInterfaceOrientationLandscapeLeft UIInterfaceOrientationLandscapeRight";
				INFOPLIST_KEY_UISupportedInterfaceOrientations_iPhone = "UIInterfaceOrientationPortrait UIInterfaceOrientationLandscapeLeft UIInterfaceOrientationLandscapeRight";
				IPHONEOS_DEPLOYMENT_TARGET = 14.0;
				LD_RUNPATH_SEARCH_PATHS = (
					"$(inherited)",
					"@executable_path/Frameworks",
				);
				MARKETING_VERSION = 1.0;
				PRODUCT_BUNDLE_IDENTIFIER = com.sdsol.SwitUIDemo;
				PRODUCT_NAME = "$(TARGET_NAME)";
				SWIFT_EMIT_LOC_STRINGS = YES;
				SWIFT_VERSION = 5.0;
				TARGETED_DEVICE_FAMILY = "1,2";
			};
			name = Debug;
		};
		2226B556288AF50D00486D33 /* Release */ = {
			isa = XCBuildConfiguration;
			baseConfigurationReference = 990613FE5511875553E7D3C6 /* Pods-SwitUIDemo.release.xcconfig */;
			buildSettings = {
				ASSETCATALOG_COMPILER_APPICON_NAME = AppIcon;
				ASSETCATALOG_COMPILER_GLOBAL_ACCENT_COLOR_NAME = AccentColor;
				CODE_SIGN_STYLE = Automatic;
				CURRENT_PROJECT_VERSION = 1;
				DEVELOPMENT_ASSET_PATHS = "\"SwitUIDemo/Preview Content\"";
				ENABLE_PREVIEWS = YES;
				GENERATE_INFOPLIST_FILE = YES;
				INFOPLIST_FILE = SwitUIDemo/Info.plist;
				INFOPLIST_KEY_UIApplicationSceneManifest_Generation = YES;
				INFOPLIST_KEY_UIApplicationSupportsIndirectInputEvents = YES;
				INFOPLIST_KEY_UILaunchScreen_Generation = YES;
				INFOPLIST_KEY_UISupportedInterfaceOrientations = "UIInterfaceOrientationPortrait UIInterfaceOrientationPortraitUpsideDown UIInterfaceOrientationLandscapeLeft UIInterfaceOrientationLandscapeRight";
				INFOPLIST_KEY_UISupportedInterfaceOrientations_iPad = "UIInterfaceOrientationPortrait UIInterfaceOrientationPortraitUpsideDown UIInterfaceOrientationLandscapeLeft UIInterfaceOrientationLandscapeRight";
				INFOPLIST_KEY_UISupportedInterfaceOrientations_iPhone = "UIInterfaceOrientationPortrait UIInterfaceOrientationLandscapeLeft UIInterfaceOrientationLandscapeRight";
				IPHONEOS_DEPLOYMENT_TARGET = 14.0;
				LD_RUNPATH_SEARCH_PATHS = (
					"$(inherited)",
					"@executable_path/Frameworks",
				);
				MARKETING_VERSION = 1.0;
				PRODUCT_BUNDLE_IDENTIFIER = com.sdsol.SwitUIDemo;
				PRODUCT_NAME = "$(TARGET_NAME)";
				SWIFT_EMIT_LOC_STRINGS = YES;
				SWIFT_VERSION = 5.0;
				TARGETED_DEVICE_FAMILY = "1,2";
			};
			name = Release;
		};
/* End XCBuildConfiguration section */

/* Begin XCConfigurationList section */
		2226B541288AF50900486D33 /* Build configuration list for PBXProject "SwitUIDemo" */ = {
			isa = XCConfigurationList;
			buildConfigurations = (
				2226B552288AF50D00486D33 /* Debug */,
				2226B553288AF50D00486D33 /* Release */,
			);
			defaultConfigurationIsVisible = 0;
			defaultConfigurationName = Release;
		};
		2226B554288AF50D00486D33 /* Build configuration list for PBXNativeTarget "SwitUIDemo" */ = {
			isa = XCConfigurationList;
			buildConfigurations = (
				2226B555288AF50D00486D33 /* Debug */,
				2226B556288AF50D00486D33 /* Release */,
			);
			defaultConfigurationIsVisible = 0;
			defaultConfigurationName = Release;
		};
/* End XCConfigurationList section */
	};
	rootObject = 2226B53E288AF50900486D33 /* Project object */;
}
